{
    "hash": "5f09d522ebe9dd5face5f075a2dc8920",
    "packages": [
        {
            "name": "coffeescript/coffeescript",
            "version": "1.3.1",
            "source": {
                "type": "git",
                "url": "https://github.com/alxlit/coffeescript-php",
                "reference": "1.3.1"
            },
            "dist": {
                "type": "zip",
                "url": "https://github.com/alxlit/coffeescript-php/zipball/1.3.1",
                "reference": "1.3.1",
                "shasum": ""
            },
            "require": {
                "php": ">=5.3.0"
            },
            "time": "2012-08-04 07:44:51",
            "type": "library",
            "installation-source": "dist",
            "autoload": {
                "psr-0": {
                    "CoffeeScript": "src/"
                }
            },
            "notification-url": "https://packagist.org/downloads/",
            "license": [
                "MIT"
            ],
            "authors": [
                {
                    "name": "Alex Little",
                    "email": "alxlit@gmail.com",
                    "homepage": "http://alxlit.name"
                }
            ],
            "description": "A port of the CoffeeScript compiler to PHP.",
            "homepage": "http://github.com/alxlit/coffeescript-php",
            "keywords": [
                "javascript",
                "JS",
                "coffee",
                "coffeescript"
            ]
        },
        {
            "name": "css-crush/css-crush",
            "version": "v1.9.1",
            "source": {
                "type": "git",
                "url": "https://github.com/peteboere/css-crush",
                "reference": "v1.9.1"
            },
            "dist": {
                "type": "zip",
                "url": "https://api.github.com/repos/peteboere/css-crush/zipball/v1.9.1",
                "reference": "v1.9.1",
                "shasum": ""
            },
            "require": {
                "php": ">=5.2.4"
            },
            "time": "2013-01-31 19:34:17",
            "type": "library",
            "installation-source": "dist",
            "autoload": {
                "files": [
                    "CssCrush.php"
                ]
            },
            "notification-url": "https://packagist.org/downloads/",
            "license": [
                "MIT"
            ],
            "authors": [
                {
                    "name": "Pete Boere",
                    "email": "pete@the-echoplex.net"
                },
                {
                    "name": "GitHub contributors",
                    "homepage": "https://github.com/peteboere/css-crush/contributors"
                }
            ],
            "description": "CSS preprocessor",
            "homepage": "http://the-echoplex.net/csscrush",
            "keywords": [
                "css",
                "preprocessor"
            ]
        },
        {
            "name": "duvanmonsa/php-query",
            "version": "dev-master",
            "source": {
                "type": "git",
                "url": "https://github.com/duvanmonsa/phpQuery",
                "reference": "af07d62b19fdac4eeb5019fd687b609528fbafb1"
            },
            "dist": {
                "type": "zip",
                "url": "https://api.github.com/repos/duvanmonsa/phpQuery/zipball/af07d62b19fdac4eeb5019fd687b609528fbafb1",
                "reference": "af07d62b19fdac4eeb5019fd687b609528fbafb1",
                "shasum": ""
            },
            "require": {
                "php": ">=5.3.0"
            },
            "time": "2012-12-06 15:46:50",
            "type": "library",
            "installation-source": "source",
            "autoload": {
                "psr-0": {
                    "phpQuery": "src"
                }
            },
            "notification-url": "https://packagist.org/downloads/",
            "license": [
                "Mit"
            ],
            "authors": [
                {
                    "name": "Duvanmonsa",
                    "email": "duvanmonsa@gmail.com",
                    "homepage": "https://github.com/duvanmonsa",
                    "role": "Developer"
                }
            ],
            "description": "phpQuery",
            "homepage": "https://github.com/duvanmonsa/phpQuery",
            "keywords": [
                "lib",
                "phpQuery"
            ]
        },
        {
            "name": "firephp/firephp-core",
            "version": "dev-master",
            "source": {
                "type": "git",
                "url": "https://github.com/firephp/firephp-core",
                "reference": "f60753a8dd7817e4da6bc73e0e717387a9a0866a"
            },
            "dist": {
                "type": "zip",
                "url": "https://api.github.com/repos/firephp/firephp-core/zipball/f60753a8dd7817e4da6bc73e0e717387a9a0866a",
                "reference": "f60753a8dd7817e4da6bc73e0e717387a9a0866a",
                "shasum": ""
            },
            "time": "2013-01-19 22:55:24",
            "type": "library",
            "installation-source": "source",
            "autoload": {
                "classmap": [
                    "lib/FirePHPCore/FirePHP.class.php",
                    "lib/FirePHPCore/fb.php"
                ]
            },
            "notification-url": "https://packagist.org/downloads/",
            "license": [
                "MIT"
            ],
            "authors": [
                {
                    "name": "Christoph Dorn",
                    "email": "christoph@christophdorn.com",
                    "homepage": "http://christophdorn.com"
                }
            ],
            "description": "Traditional FirePHPCore library for sending PHP variables to the browser.",
            "homepage": "https://github.com/firephp/firephp-core"
        },
        {
            "name": "ikimea/browser",
            "version": "dev-master",
            "source": {
                "type": "git",
                "url": "https://github.com/Ikimea/Browser.git",
                "reference": "8c1b965b0e3896eb7ad5e40638c428e45e5696df"
            },
            "dist": {
                "type": "zip",
                "url": "https://github.com/Ikimea/Browser/zipball/8c1b965b0e3896eb7ad5e40638c428e45e5696df",
                "reference": "8c1b965b0e3896eb7ad5e40638c428e45e5696df",
                "shasum": ""
            },
            "require": {
                "php": ">=5.3.0"
            },
            "time": "2012-07-22 06:03:39",
            "type": "library",
            "installation-source": "source",
            "autoload": {
                "psr-0": {
                    "Ikimea\\Browser\\": "src/"
                }
            },
            "notification-url": "https://packagist.org/downloads/",
            "license": [
                "GPL"
            ],
            "authors": [
                {
                    "name": "Ikimea",
                    "homepage": "http://www.ikimea.com"
                },
                {
                    "name": "Chris Schuld",
                    "homepage": "http://chrisschuld.com"
                },
                {
                    "name": "Gary White",
                    "homepage": " http://apptools.com/phptools/browser/"
                }
            ],
            "description": "Detecting the user’s browser",
            "homepage": "http://www.ikimea.com",
            "keywords": [
                "browser"
            ]
        },
        {
            "name": "leafo/lessphp",
            "version": "v0.3.8",
            "source": {
                "type": "git",
                "url": "http://github.com/leafo/lessphp",
                "reference": "v0.3.8"
            },
            "dist": {
                "type": "zip",
                "url": "https://github.com/leafo/lessphp/zipball/v0.3.8",
                "reference": "v0.3.8",
                "shasum": ""
            },
            "time": "2012-08-18 19:16:09",
            "type": "library",
            "installation-source": "dist",
            "autoload": {
                "classmap": [
                    "lessc.inc.php"
                ]
            },
            "notification-url": "https://packagist.org/downloads/",
            "license": [
                "MIT",
                "GPL-3.0"
            ],
            "authors": [
                {
                    "name": "Leaf Corcoran",
                    "email": "leafot@gmail.com",
                    "homepage": "http://leafo.net"
                }
            ],
            "description": "lessphp is a compiler for LESS written in PHP.",
            "homepage": "http://leafo.net/lessphp/"
        },
        {
            "name": "xiphe/base",
            "version": "1.0.1",
            "source": {
                "type": "git",
                "url": "https://github.com/Xiphe/Base",
                "reference": "1.0.1"
            },
            "dist": {
                "type": "zip",
                "url": "https://github.com/Xiphe/Base/archive/1.0.1.zip",
                "reference": "1.0.1",
                "shasum": ""
            },
            "require": {
                "php": ">=5.3"
            },
            "time": "2013-01-09 15:16:54",
            "type": "library",
            "installation-source": "dist",
            "autoload": {
                "psr-0": {
                    "Xiphe\\Base": "src/"
                }
            },
            "notification-url": "https://packagist.org/downloads/",
            "license": [
                "GNU GENERAL PUBLIC LICENSE"
            ],
            "authors": [
                {
                    "name": "Hannes 'Xiphe' Diercks",
                    "email": "info@xiphe.net",
                    "homepage": "http://xiphe.net"
                }
            ],
            "description": "Basic logic for new projects. Provides singleton, configuration, callback and basic api methods.",
            "homepage": "https://github.com/Xiphe/Base",
            "keywords": [
                "configuration",
                "singleton",
                "callbacks"
            ]
        }
    ],
    "packages-dev": null,
    "aliases": [

    ],
    "minimum-stability": "beta",
    "stability-flags": {
        "firephp/firephp-core": 20,
        "ikimea/browser": 20,
        "duvanmonsa/php-query": 20
    }
}
